
Microsoft Visual Studio Solution File, Format Version 12.00
# Visual Studio Version 16
VisualStudioVersion = 16.0.31410.357
MinimumVisualStudioVersion = 10.0.40219.1
Project("{FAE04EC0-301F-11D3-BF4B-00C04F79EFBC}") = "SalesWebMVC", "SalesWebMVC\SalesWebMVC.csproj", "{DC7580B9-29E2-4513-8A73-30C6AF0DEB84}"
EndProject
Global
	GlobalSection(SolutionConfigurationPlatforms) = preSolution
		Debug|Any CPU = Debug|Any CPU
		Release|Any CPU = Release|Any CPU
	EndGlobalSection
	GlobalSection(ProjectConfigurationPlatforms) = postSolution
		{DC7580B9-29E2-4513-8A73-30C6AF0DEB84}.Debug|Any CPU.ActiveCfg = Debug|Any CPU
		{DC7580B9-29E2-4513-8A73-30C6AF0DEB84}.Debug|Any CPU.Build.0 = Debug|Any CPU
		{DC7580B9-29E2-4513-8A73-30C6AF0DEB84}.Release|Any CPU.ActiveCfg = Release|Any CPU
		{DC7580B9-29E2-4513-8A73-30C6AF0DEB84}.Release|Any CPU.Build.0 = Release|Any CPU
	EndGlobalSection
	GlobalSection(SolutionProperties) = preSolution
		HideSolutionNode = FALSE
	EndGlobalSection
	GlobalSection(ExtensibilityGlobals) = postSolution
		SolutionGuid = {18515C50-B3E1-443C-9BC7-964AA857A6F2}
	EndGlobalSection
EndGlobal
